// !$*UTF8*$!
{
	archiveVersion = 1;
	classes = {
	};
	objectVersion = 46;
	objects = {

/* Begin PBXBuildFile section */
		CFC5F8081B5B392600BCB5AC /* AppDelegate.swift in Sources */ = {isa = PBXBuildFile; fileRef = CFC5F8071B5B392600BCB5AC /* AppDelegate.swift */; };
		CFC5F80A1B5B392600BCB5AC /* GameScene.sks in Resources */ = {isa = PBXBuildFile; fileRef = CFC5F8091B5B392600BCB5AC /* GameScene.sks */; };
		CFC5F80C1B5B392600BCB5AC /* GameScene.swift in Sources */ = {isa = PBXBuildFile; fileRef = CFC5F80B1B5B392600BCB5AC /* GameScene.swift */; };
		CFC5F80E1B5B392600BCB5AC /* GameViewController.swift in Sources */ = {isa = PBXBuildFile; fileRef = CFC5F80D1B5B392600BCB5AC /* GameViewController.swift */; };
		CFC5F8111B5B392600BCB5AC /* Main.storyboard in Resources */ = {isa = PBXBuildFile; fileRef = CFC5F80F1B5B392600BCB5AC /* Main.storyboard */; };
		CFC5F8131B5B392600BCB5AC /* Images.xcassets in Resources */ = {isa = PBXBuildFile; fileRef = CFC5F8121B5B392600BCB5AC /* Images.xcassets */; };
		CFC5F8161B5B392600BCB5AC /* LaunchScreen.xib in Resources */ = {isa = PBXBuildFile; fileRef = CFC5F8141B5B392600BCB5AC /* LaunchScreen.xib */; };
		CFC5F8221B5B392600BCB5AC /* AirFightTests.swift in Sources */ = {isa = PBXBuildFile; fileRef = CFC5F8211B5B392600BCB5AC /* AirFightTests.swift */; };
		CFC5F8371B5B44B500BCB5AC /* Ship (1).png in Resources */ = {isa = PBXBuildFile; fileRef = CFC5F8351B5B44B500BCB5AC /* Ship (1).png */; };
		CFC5F8381B5B44B500BCB5AC /* Ship (2).png in Resources */ = {isa = PBXBuildFile; fileRef = CFC5F8361B5B44B500BCB5AC /* Ship (2).png */; };
		CFC5F8401B5B44EE00BCB5AC /* Bullet0.png in Resources */ = {isa = PBXBuildFile; fileRef = CFC5F83B1B5B44EE00BCB5AC /* Bullet0.png */; };
		CFC5F8411B5B44EE00BCB5AC /* Bullet1.png in Resources */ = {isa = PBXBuildFile; fileRef = CFC5F83C1B5B44EE00BCB5AC /* Bullet1.png */; };
		CFC5F8421B5B44EE00BCB5AC /* Bullet2.png in Resources */ = {isa = PBXBuildFile; fileRef = CFC5F83D1B5B44EE00BCB5AC /* Bullet2.png */; };
		CFC5F8431B5B44EE00BCB5AC /* Bullet3.png in Resources */ = {isa = PBXBuildFile; fileRef = CFC5F83E1B5B44EE00BCB5AC /* Bullet3.png */; };
		CFC5F8441B5B44EE00BCB5AC /* Bullet4.png in Resources */ = {isa = PBXBuildFile; fileRef = CFC5F83F1B5B44EE00BCB5AC /* Bullet4.png */; };
		CFC5F8511B5B450700BCB5AC /* Explo__000.png in Resources */ = {isa = PBXBuildFile; fileRef = CFC5F8461B5B450700BCB5AC /* Explo__000.png */; };
		CFC5F8521B5B450700BCB5AC /* Explo__001.png in Resources */ = {isa = PBXBuildFile; fileRef = CFC5F8471B5B450700BCB5AC /* Explo__001.png */; };
		CFC5F8531B5B450700BCB5AC /* Explo__002.png in Resources */ = {isa = PBXBuildFile; fileRef = CFC5F8481B5B450700BCB5AC /* Explo__002.png */; };
		CFC5F8541B5B450700BCB5AC /* Explo__003.png in Resources */ = {isa = PBXBuildFile; fileRef = CFC5F8491B5B450700BCB5AC /* Explo__003.png */; };
		CFC5F8551B5B450700BCB5AC /* Explo__004.png in Resources */ = {isa = PBXBuildFile; fileRef = CFC5F84A1B5B450700BCB5AC /* Explo__004.png */; };
		CFC5F8561B5B450700BCB5AC /* Explo__005.png in Resources */ = {isa = PBXBuildFile; fileRef = CFC5F84B1B5B450700BCB5AC /* Explo__005.png */; };
		CFC5F8571B5B450700BCB5AC /* Explo__006.png in Resources */ = {isa = PBXBuildFile; fileRef = CFC5F84C1B5B450700BCB5AC /* Explo__006.png */; };
		CFC5F8581B5B450700BCB5AC /* Explo__007.png in Resources */ = {isa = PBXBuildFile; fileRef = CFC5F84D1B5B450700BCB5AC /* Explo__007.png */; };
		CFC5F8591B5B450700BCB5AC /* Explo__008.png in Resources */ = {isa = PBXBuildFile; fileRef = CFC5F84E1B5B450700BCB5AC /* Explo__008.png */; };
		CFC5F85A1B5B450700BCB5AC /* Explo__009.png in Resources */ = {isa = PBXBuildFile; fileRef = CFC5F84F1B5B450700BCB5AC /* Explo__009.png */; };
		CFC5F85B1B5B450700BCB5AC /* Explo__010.png in Resources */ = {isa = PBXBuildFile; fileRef = CFC5F8501B5B450700BCB5AC /* Explo__010.png */; };
		CFC5F85E1B5B5C5200BCB5AC /* spacebattle.jpg in Resources */ = {isa = PBXBuildFile; fileRef = CFC5F85D1B5B5C5200BCB5AC /* spacebattle.jpg */; };
/* End PBXBuildFile section */

/* Begin PBXContainerItemProxy section */
		CFC5F81C1B5B392600BCB5AC /* PBXContainerItemProxy */ = {
			isa = PBXContainerItemProxy;
			containerPortal = CFC5F7FA1B5B392600BCB5AC /* Project object */;
			proxyType = 1;
			remoteGlobalIDString = CFC5F8011B5B392600BCB5AC;
			remoteInfo = AirFight;
		};
/* End PBXContainerItemProxy section */

/* Begin PBXFileReference section */
		CFC5F8021B5B392600BCB5AC /* AirFight.app */ = {isa = PBXFileReference; explicitFileType = wrapper.application; includeInIndex = 0; path = AirFight.app; sourceTree = BUILT_PRODUCTS_DIR; };
		CFC5F8061B5B392600BCB5AC /* Info.plist */ = {isa = PBXFileReference; lastKnownFileType = text.plist.xml; path = Info.plist; sourceTree = "<group>"; };
		CFC5F8071B5B392600BCB5AC /* AppDelegate.swift */ = {isa = PBXFileReference; lastKnownFileType = sourcecode.swift; path = AppDelegate.swift; sourceTree = "<group>"; };
		CFC5F8091B5B392600BCB5AC /* GameScene.sks */ = {isa = PBXFileReference; lastKnownFileType = file.sks; path = GameScene.sks; sourceTree = "<group>"; };
		CFC5F80B1B5B392600BCB5AC /* GameScene.swift */ = {isa = PBXFileReference; lastKnownFileType = sourcecode.swift; path = GameScene.swift; sourceTree = "<group>"; };
		CFC5F80D1B5B392600BCB5AC /* GameViewController.swift */ = {isa = PBXFileReference; lastKnownFileType = sourcecode.swift; path = GameViewController.swift; sourceTree = "<group>"; };
		CFC5F8101B5B392600BCB5AC /* Base */ = {isa = PBXFileReference; lastKnownFileType = file.storyboard; name = Base; path = Base.lproj/Main.storyboard; sourceTree = "<group>"; };
		CFC5F8121B5B392600BCB5AC /* Images.xcassets */ = {isa = PBXFileReference; lastKnownFileType = folder.assetcatalog; path = Images.xcassets; sourceTree = "<group>"; };
		CFC5F8151B5B392600BCB5AC /* Base */ = {isa = PBXFileReference; lastKnownFileType = file.xib; name = Base; path = Base.lproj/LaunchScreen.xib; sourceTree = "<group>"; };
		CFC5F81B1B5B392600BCB5AC /* AirFightTests.xctest */ = {isa = PBXFileReference; explicitFileType = wrapper.cfbundle; includeInIndex = 0; path = AirFightTests.xctest; sourceTree = BUILT_PRODUCTS_DIR; };
		CFC5F8201B5B392600BCB5AC /* Info.plist */ = {isa = PBXFileReference; lastKnownFileType = text.plist.xml; path = Info.plist; sourceTree = "<group>"; };
		CFC5F8211B5B392600BCB5AC /* AirFightTests.swift */ = {isa = PBXFileReference; lastKnownFileType = sourcecode.swift; path = AirFightTests.swift; sourceTree = "<group>"; };
		CFC5F8351B5B44B500BCB5AC /* Ship (1).png */ = {isa = PBXFileReference; lastKnownFileType = image.png; path = "Ship (1).png"; sourceTree = "<group>"; };
		CFC5F8361B5B44B500BCB5AC /* Ship (2).png */ = {isa = PBXFileReference; lastKnownFileType = image.png; path = "Ship (2).png"; sourceTree = "<group>"; };
		CFC5F83B1B5B44EE00BCB5AC /* Bullet0.png */ = {isa = PBXFileReference; lastKnownFileType = image.png; path = Bullet0.png; sourceTree = "<group>"; };
		CFC5F83C1B5B44EE00BCB5AC /* Bullet1.png */ = {isa = PBXFileReference; lastKnownFileType = image.png; path = Bullet1.png; sourceTree = "<group>"; };
		CFC5F83D1B5B44EE00BCB5AC /* Bullet2.png */ = {isa = PBXFileReference; lastKnownFileType = image.png; path = Bullet2.png; sourceTree = "<group>"; };
		CFC5F83E1B5B44EE00BCB5AC /* Bullet3.png */ = {isa = PBXFileReference; lastKnownFileType = image.png; path = Bullet3.png; sourceTree = "<group>"; };
		CFC5F83F1B5B44EE00BCB5AC /* Bullet4.png */ = {isa = PBXFileReference; lastKnownFileType = image.png; path = Bullet4.png; sourceTree = "<group>"; };
		CFC5F8461B5B450700BCB5AC /* Explo__000.png */ = {isa = PBXFileReference; lastKnownFileType = image.png; path = Explo__000.png; sourceTree = "<group>"; };
		CFC5F8471B5B450700BCB5AC /* Explo__001.png */ = {isa = PBXFileReference; lastKnownFileType = image.png; path = Explo__001.png; sourceTree = "<group>"; };
		CFC5F8481B5B450700BCB5AC /* Explo__002.png */ = {isa = PBXFileReference; lastKnownFileType = image.png; path = Explo__002.png; sourceTree = "<group>"; };
		CFC5F8491B5B450700BCB5AC /* Explo__003.png */ = {isa = PBXFileReference; lastKnownFileType = image.png; path = Explo__003.png; sourceTree = "<group>"; };
		CFC5F84A1B5B450700BCB5AC /* Explo__004.png */ = {isa = PBXFileReference; lastKnownFileType = image.png; path = Explo__004.png; sourceTree = "<group>"; };
		CFC5F84B1B5B450700BCB5AC /* Explo__005.png */ = {isa = PBXFileReference; lastKnownFileType = image.png; path = Explo__005.png; sourceTree = "<group>"; };
		CFC5F84C1B5B450700BCB5AC /* Explo__006.png */ = {isa = PBXFileReference; lastKnownFileType = image.png; path = Explo__006.png; sourceTree = "<group>"; };
		CFC5F84D1B5B450700BCB5AC /* Explo__007.png */ = {isa = PBXFileReference; lastKnownFileType = image.png; path = Explo__007.png; sourceTree = "<group>"; };
		CFC5F84E1B5B450700BCB5AC /* Explo__008.png */ = {isa = PBXFileReference; lastKnownFileType = image.png; path = Explo__008.png; sourceTree = "<group>"; };
		CFC5F84F1B5B450700BCB5AC /* Explo__009.png */ = {isa = PBXFileReference; lastKnownFileType = image.png; path = Explo__009.png; sourceTree = "<group>"; };
		CFC5F8501B5B450700BCB5AC /* Explo__010.png */ = {isa = PBXFileReference; lastKnownFileType = image.png; path = Explo__010.png; sourceTree = "<group>"; };
		CFC5F85D1B5B5C5200BCB5AC /* spacebattle.jpg */ = {isa = PBXFileReference; lastKnownFileType = image.jpeg; name = spacebattle.jpg; path = GameResources/spacebattle.jpg; sourceTree = "<group>"; };
/* End PBXFileReference section */

/* Begin PBXFrameworksBuildPhase section */
		CFC5F7FF1B5B392600BCB5AC /* Frameworks */ = {
			isa = PBXFrameworksBuildPhase;
			buildActionMask = 2147483647;
			files = (
			);
			runOnlyForDeploymentPostprocessing = 0;
		};
		CFC5F8181B5B392600BCB5AC /* Frameworks */ = {
			isa = PBXFrameworksBuildPhase;
			buildActionMask = 2147483647;
			files = (
			);
			runOnlyForDeploymentPostprocessing = 0;
		};
/* End PBXFrameworksBuildPhase section */

/* Begin PBXGroup section */
		CFC5F7F91B5B392600BCB5AC = {
			isa = PBXGroup;
			children = (
				CFC5F8331B5B448D00BCB5AC /* Images */,
				CFC5F8041B5B392600BCB5AC /* AirFight */,
				CFC5F81E1B5B392600BCB5AC /* AirFightTests */,
				CFC5F8031B5B392600BCB5AC /* Products */,
			);
			sourceTree = "<group>";
		};
		CFC5F8031B5B392600BCB5AC /* Products */ = {
			isa = PBXGroup;
			children = (
				CFC5F8021B5B392600BCB5AC /* AirFight.app */,
				CFC5F81B1B5B392600BCB5AC /* AirFightTests.xctest */,
			);
			name = Products;
			sourceTree = "<group>";
		};
		CFC5F8041B5B392600BCB5AC /* AirFight */ = {
			isa = PBXGroup;
			children = (
				CFC5F8071B5B392600BCB5AC /* AppDelegate.swift */,
				CFC5F8091B5B392600BCB5AC /* GameScene.sks */,
				CFC5F80B1B5B392600BCB5AC /* GameScene.swift */,
				CFC5F80D1B5B392600BCB5AC /* GameViewController.swift */,
				CFC5F80F1B5B392600BCB5AC /* Main.storyboard */,
				CFC5F8121B5B392600BCB5AC /* Images.xcassets */,
				CFC5F8141B5B392600BCB5AC /* LaunchScreen.xib */,
				CFC5F8051B5B392600BCB5AC /* Supporting Files */,
			);
			path = AirFight;
			sourceTree = "<group>";
		};
		CFC5F8051B5B392600BCB5AC /* Supporting Files */ = {
			isa = PBXGroup;
			children = (
				CFC5F8061B5B392600BCB5AC /* Info.plist */,
			);
			name = "Supporting Files";
			sourceTree = "<group>";
		};
		CFC5F81E1B5B392600BCB5AC /* AirFightTests */ = {
			isa = PBXGroup;
			children = (
				CFC5F8211B5B392600BCB5AC /* AirFightTests.swift */,
				CFC5F81F1B5B392600BCB5AC /* Supporting Files */,
			);
			path = AirFightTests;
			sourceTree = "<group>";
		};
		CFC5F81F1B5B392600BCB5AC /* Supporting Files */ = {
			isa = PBXGroup;
			children = (
				CFC5F8201B5B392600BCB5AC /* Info.plist */,
			);
			name = "Supporting Files";
			sourceTree = "<group>";
		};
		CFC5F8331B5B448D00BCB5AC /* Images */ = {
			isa = PBXGroup;
			children = (
				CFC5F85C1B5B5C3700BCB5AC /* Background */,
				CFC5F8451B5B44F600BCB5AC /* Explode */,
				CFC5F83A1B5B44E000BCB5AC /* Bullet */,
				CFC5F8391B5B44BC00BCB5AC /* Monster */,
				CFC5F8341B5B449400BCB5AC /* Ships */,
			);
			name = Images;
			sourceTree = "<group>";
		};
		CFC5F8341B5B449400BCB5AC /* Ships */ = {
			isa = PBXGroup;
			children = (
				CFC5F8361B5B44B500BCB5AC /* Ship (2).png */,
			);
			name = Ships;
			sourceTree = "<group>";
		};
		CFC5F8391B5B44BC00BCB5AC /* Monster */ = {
			isa = PBXGroup;
			children = (
				CFC5F8351B5B44B500BCB5AC /* Ship (1).png */,
			);
			name = Monster;
			sourceTree = "<group>";
		};
		CFC5F83A1B5B44E000BCB5AC /* Bullet */ = {
			isa = PBXGroup;
			children = (
				CFC5F83B1B5B44EE00BCB5AC /* Bullet0.png */,
				CFC5F83C1B5B44EE00BCB5AC /* Bullet1.png */,
				CFC5F83D1B5B44EE00BCB5AC /* Bullet2.png */,
				CFC5F83E1B5B44EE00BCB5AC /* Bullet3.png */,
				CFC5F83F1B5B44EE00BCB5AC /* Bullet4.png */,
			);
			name = Bullet;
			sourceTree = "<group>";
		};
		CFC5F8451B5B44F600BCB5AC /* Explode */ = {
			isa = PBXGroup;
			children = (
				CFC5F8461B5B450700BCB5AC /* Explo__000.png */,
				CFC5F8471B5B450700BCB5AC /* Explo__001.png */,
				CFC5F8481B5B450700BCB5AC /* Explo__002.png */,
				CFC5F8491B5B450700BCB5AC /* Explo__003.png */,
				CFC5F84A1B5B450700BCB5AC /* Explo__004.png */,
				CFC5F84B1B5B450700BCB5AC /* Explo__005.png */,
				CFC5F84C1B5B450700BCB5AC /* Explo__006.png */,
				CFC5F84D1B5B450700BCB5AC /* Explo__007.png */,
				CFC5F84E1B5B450700BCB5AC /* Explo__008.png */,
				CFC5F84F1B5B450700BCB5AC /* Explo__009.png */,
				CFC5F8501B5B450700BCB5AC /* Explo__010.png */,
			);
			name = Explode;
			sourceTree = "<group>";
		};
		CFC5F85C1B5B5C3700BCB5AC /* Background */ = {
			isa = PBXGroup;
			children = (
				CFC5F85D1B5B5C5200BCB5AC /* spacebattle.jpg */,
			);
			name = Background;
			sourceTree = "<group>";
		};
/* End PBXGroup section */

/* Begin PBXNativeTarget section */
		CFC5F8011B5B392600BCB5AC /* AirFight */ = {
			isa = PBXNativeTarget;
			buildConfigurationList = CFC5F8251B5B392600BCB5AC /* Build configuration list for PBXNativeTarget "AirFight" */;
			buildPhases = (
				CFC5F7FE1B5B392600BCB5AC /* Sources */,
				CFC5F7FF1B5B392600BCB5AC /* Frameworks */,
				CFC5F8001B5B392600BCB5AC /* Resources */,
			);
			buildRules = (
			);
			dependencies = (
			);
			name = AirFight;
			productName = AirFight;
			productReference = CFC5F8021B5B392600BCB5AC /* AirFight.app */;
			productType = "com.apple.product-type.application";
		};
		CFC5F81A1B5B392600BCB5AC /* AirFightTests */ = {
			isa = PBXNativeTarget;
			buildConfigurationList = CFC5F8281B5B392600BCB5AC /* Build configuration list for PBXNativeTarget "AirFightTests" */;
			buildPhases = (
				CFC5F8171B5B392600BCB5AC /* Sources */,
				CFC5F8181B5B392600BCB5AC /* Frameworks */,
				CFC5F8191B5B392600BCB5AC /* Resources */,
			);
			buildRules = (
			);
			dependencies = (
				CFC5F81D1B5B392600BCB5AC /* PBXTargetDependency */,
			);
			name = AirFightTests;
			productName = AirFightTests;
			productReference = CFC5F81B1B5B392600BCB5AC /* AirFightTests.xctest */;
			productType = "com.apple.product-type.bundle.unit-test";
		};
/* End PBXNativeTarget section */

/* Begin PBXProject section */
		CFC5F7FA1B5B392600BCB5AC /* Project object */ = {
			isa = PBXProject;
			attributes = {
				LastUpgradeCheck = 0640;
				ORGANIZATIONNAME = "Duy-Hieu";
				TargetAttributes = {
					CFC5F8011B5B392600BCB5AC = {
						CreatedOnToolsVersion = 6.4;
					};
					CFC5F81A1B5B392600BCB5AC = {
						CreatedOnToolsVersion = 6.4;
						TestTargetID = CFC5F8011B5B392600BCB5AC;
					};
				};
			};
			buildConfigurationList = CFC5F7FD1B5B392600BCB5AC /* Build configuration list for PBXProject "AirFight" */;
			compatibilityVersion = "Xcode 3.2";
			developmentRegion = English;
			hasScannedForEncodings = 0;
			knownRegions = (
				en,
				Base,
			);
			mainGroup = CFC5F7F91B5B392600BCB5AC;
			productRefGroup = CFC5F8031B5B392600BCB5AC /* Products */;
			projectDirPath = "";
			projectRoot = "";
			targets = (
				CFC5F8011B5B392600BCB5AC /* AirFight */,
				CFC5F81A1B5B392600BCB5AC /* AirFightTests */,
			);
		};
/* End PBXProject section */

/* Begin PBXResourcesBuildPhase section */
		CFC5F8001B5B392600BCB5AC /* Resources */ = {
			isa = PBXResourcesBuildPhase;
			buildActionMask = 2147483647;
			files = (
				CFC5F8581B5B450700BCB5AC /* Explo__007.png in Resources */,
				CFC5F8161B5B392600BCB5AC /* LaunchScreen.xib in Resources */,
				CFC5F85B1B5B450700BCB5AC /* Explo__010.png in Resources */,
				CFC5F8131B5B392600BCB5AC /* Images.xcassets in Resources */,
				CFC5F80A1B5B392600BCB5AC /* GameScene.sks in Resources */,
				CFC5F8571B5B450700BCB5AC /* Explo__006.png in Resources */,
				CFC5F8511B5B450700BCB5AC /* Explo__000.png in Resources */,
				CFC5F8421B5B44EE00BCB5AC /* Bullet2.png in Resources */,
				CFC5F8531B5B450700BCB5AC /* Explo__002.png in Resources */,
				CFC5F8541B5B450700BCB5AC /* Explo__003.png in Resources */,
				CFC5F8371B5B44B500BCB5AC /* Ship (1).png in Resources */,
				CFC5F8401B5B44EE00BCB5AC /* Bullet0.png in Resources */,
				CFC5F8591B5B450700BCB5AC /* Explo__008.png in Resources */,
				CFC5F85A1B5B450700BCB5AC /* Explo__009.png in Resources */,
				CFC5F85E1B5B5C5200BCB5AC /* spacebattle.jpg in Resources */,
				CFC5F8561B5B450700BCB5AC /* Explo__005.png in Resources */,
				CFC5F8381B5B44B500BCB5AC /* Ship (2).png in Resources */,
				CFC5F8521B5B450700BCB5AC /* Explo__001.png in Resources */,
				CFC5F8551B5B450700BCB5AC /* Explo__004.png in Resources */,
				CFC5F8441B5B44EE00BCB5AC /* Bullet4.png in Resources */,
				CFC5F8431B5B44EE00BCB5AC /* Bullet3.png in Resources */,
				CFC5F8111B5B392600BCB5AC /* Main.storyboard in Resources */,
				CFC5F8411B5B44EE00BCB5AC /* Bullet1.png in Resources */,
			);
			runOnlyForDeploymentPostprocessing = 0;
		};
		CFC5F8191B5B392600BCB5AC /* Resources */ = {
			isa = PBXResourcesBuildPhase;
			buildActionMask = 2147483647;
			files = (
			);
			runOnlyForDeploymentPostprocessing = 0;
		};
/* End PBXResourcesBuildPhase section */

/* Begin PBXSourcesBuildPhase section */
		CFC5F7FE1B5B392600BCB5AC /* Sources */ = {
			isa = PBXSourcesBuildPhase;
			buildActionMask = 2147483647;
			files = (
				CFC5F80C1B5B392600BCB5AC /* GameScene.swift in Sources */,
				CFC5F80E1B5B392600BCB5AC /* GameViewController.swift in Sources */,
				CFC5F8081B5B392600BCB5AC /* AppDelegate.swift in Sources */,
			);
			runOnlyForDeploymentPostprocessing = 0;
		};
		CFC5F8171B5B392600BCB5AC /* Sources */ = {
			isa = PBXSourcesBuildPhase;
			buildActionMask = 2147483647;
			files = (
				CFC5F8221B5B392600BCB5AC /* AirFightTests.swift in Sources */,
			);
			runOnlyForDeploymentPostprocessing = 0;
		};
/* End PBXSourcesBuildPhase section */

/* Begin PBXTargetDependency section */
		CFC5F81D1B5B392600BCB5AC /* PBXTargetDependency */ = {
			isa = PBXTargetDependency;
			target = CFC5F8011B5B392600BCB5AC /* AirFight */;
			targetProxy = CFC5F81C1B5B392600BCB5AC /* PBXContainerItemProxy */;
		};
/* End PBXTargetDependency section */

/* Begin PBXVariantGroup section */
		CFC5F80F1B5B392600BCB5AC /* Main.storyboard */ = {
			isa = PBXVariantGroup;
			children = (
				CFC5F8101B5B392600BCB5AC /* Base */,
			);
			name = Main.storyboard;
			sourceTree = "<group>";
		};
		CFC5F8141B5B392600BCB5AC /* LaunchScreen.xib */ = {
			isa = PBXVariantGroup;
			children = (
				CFC5F8151B5B392600BCB5AC /* Base */,
			);
			name = LaunchScreen.xib;
			sourceTree = "<group>";
		};
/* End PBXVariantGroup section */

/* Begin XCBuildConfiguration section */
		CFC5F8231B5B392600BCB5AC /* Debug */ = {
			isa = XCBuildConfiguration;
			buildSettings = {
				ALWAYS_SEARCH_USER_PATHS = NO;
				CLANG_CXX_LANGUAGE_STANDARD = "gnu++0x";
				CLANG_CXX_LIBRARY = "libc++";
				CLANG_ENABLE_MODULES = YES;
				CLANG_ENABLE_OBJC_ARC = YES;
				CLANG_WARN_BOOL_CONVERSION = YES;
				CLANG_WARN_CONSTANT_CONVERSION = YES;
				CLANG_WARN_DIRECT_OBJC_ISA_USAGE = YES_ERROR;
				CLANG_WARN_EMPTY_BODY = YES;
				CLANG_WARN_ENUM_CONVERSION = YES;
				CLANG_WARN_INT_CONVERSION = YES;
				CLANG_WARN_OBJC_ROOT_CLASS = YES_ERROR;
				CLANG_WARN_UNREACHABLE_CODE = YES;
				CLANG_WARN__DUPLICATE_METHOD_MATCH = YES;
				"CODE_SIGN_IDENTITY[sdk=iphoneos*]" = "iPhone Developer";
				COPY_PHASE_STRIP = NO;
				DEBUG_INFORMATION_FORMAT = "dwarf-with-dsym";
				ENABLE_STRICT_OBJC_MSGSEND = YES;
				GCC_C_LANGUAGE_STANDARD = gnu99;
				GCC_DYNAMIC_NO_PIC = NO;
				GCC_NO_COMMON_BLOCKS = YES;
				GCC_OPTIMIZATION_LEVEL = 0;
				GCC_PREPROCESSOR_DEFINITIONS = (
					"DEBUG=1",
					"$(inherited)",
				);
				GCC_SYMBOLS_PRIVATE_EXTERN = NO;
				GCC_WARN_64_TO_32_BIT_CONVERSION = YES;
				GCC_WARN_ABOUT_RETURN_TYPE = YES_ERROR;
				GCC_WARN_UNDECLARED_SELECTOR = YES;
				GCC_WARN_UNINITIALIZED_AUTOS = YES_AGGRESSIVE;
				GCC_WARN_UNUSED_FUNCTION = YES;
				GCC_WARN_UNUSED_VARIABLE = YES;
				IPHONEOS_DEPLOYMENT_TARGET = 8.4;
				MTL_ENABLE_DEBUG_INFO = YES;
				ONLY_ACTIVE_ARCH = YES;
				SDKROOT = iphoneos;
				SWIFT_OPTIMIZATION_LEVEL = "-Onone";
				TARGETED_DEVICE_FAMILY = "1,2";
			};
			name = Debug;
		};
		CFC5F8241B5B392600BCB5AC /* Release */ = {
			isa = XCBuildConfiguration;
			buildSettings = {
				ALWAYS_SEARCH_USER_PATHS = NO;
				CLANG_CXX_LANGUAGE_STANDARD = "gnu++0x";
				CLANG_CXX_LIBRARY = "libc++";
				CLANG_ENABLE_MODULES = YES;
				CLANG_ENABLE_OBJC_ARC = YES;
				CLANG_WARN_BOOL_CONVERSION = YES;
				CLANG_WARN_CONSTANT_CONVERSION = YES;
				CLANG_WARN_DIRECT_OBJC_ISA_USAGE = YES_ERROR;
				CLANG_WARN_EMPTY_BODY = YES;
				CLANG_WARN_ENUM_CONVERSION = YES;
				CLANG_WARN_INT_CONVERSION = YES;
				CLANG_WARN_OBJC_ROOT_CLASS = YES_ERROR;
				CLANG_WARN_UNREACHABLE_CODE = YES;
				CLANG_WARN__DUPLICATE_METHOD_MATCH = YES;
				"CODE_SIGN_IDENTITY[sdk=iphoneos*]" = "iPhone Developer";
				COPY_PHASE_STRIP = NO;
				DEBUG_INFORMATION_FORMAT = "dwarf-with-dsym";
				ENABLE_NS_ASSERTIONS = NO;
				ENABLE_STRICT_OBJC_MSGSEND = YES;
				GCC_C_LANGUAGE_STANDARD = gnu99;
				GCC_NO_COMMON_BLOCKS = YES;
				GCC_WARN_64_TO_32_BIT_CONVERSION = YES;
				GCC_WARN_ABOUT_RETURN_TYPE = YES_ERROR;
				GCC_WARN_UNDECLARED_SELECTOR = YES;
				GCC_WARN_UNINITIALIZED_AUTOS = YES_AGGRESSIVE;
				GCC_WARN_UNUSED_FUNCTION = YES;
				GCC_WARN_UNUSED_VARIABLE = YES;
				IPHONEOS_DEPLOYMENT_TARGET = 8.4;
				MTL_ENABLE_DEBUG_INFO = NO;
				SDKROOT = iphoneos;
				TARGETED_DEVICE_FAMILY = "1,2";
				VALIDATE_PRODUCT = YES;
			};
			name = Release;
		};
		CFC5F8261B5B392600BCB5AC /* Debug */ = {
			isa = XCBuildConfiguration;
			buildSettings = {
				ASSETCATALOG_COMPILER_APPICON_NAME = AppIcon;
				INFOPLIST_FILE = AirFight/Info.plist;
				LD_RUNPATH_SEARCH_PATHS = "$(inherited) @executable_path/Frameworks";
				PRODUCT_NAME = "$(TARGET_NAME)";
			};
			name = Debug;
		};
		CFC5F8271B5B392600BCB5AC /* Release */ = {
			isa = XCBuildConfiguration;
			buildSettings = {
				ASSETCATALOG_COMPILER_APPICON_NAME = AppIcon;
				INFOPLIST_FILE = AirFight/Info.plist;
				LD_RUNPATH_SEARCH_PATHS = "$(inherited) @executable_path/Frameworks";
				PRODUCT_NAME = "$(TARGET_NAME)";
			};
			name = Release;
		};
		CFC5F8291B5B392600BCB5AC /* Debug */ = {
			isa = XCBuildConfiguration;
			buildSettings = {
				BUNDLE_LOADER = "$(TEST_HOST)";
				FRAMEWORK_SEARCH_PATHS = (
					"$(SDKROOT)/Developer/Library/Frameworks",
					"$(inherited)",
				);
				GCC_PREPROCESSOR_DEFINITIONS = (
					"DEBUG=1",
					"$(inherited)",
				);
				INFOPLIST_FILE = AirFightTests/Info.plist;
				LD_RUNPATH_SEARCH_PATHS = "$(inherited) @executable_path/Frameworks @loader_path/Frameworks";
				PRODUCT_NAME = "$(TARGET_NAME)";
				TEST_HOST = "$(BUILT_PRODUCTS_DIR)/AirFight.app/AirFight";
			};
			name = Debug;
		};
		CFC5F82A1B5B392600BCB5AC /* Release */ = {
			isa = XCBuildConfiguration;
			buildSettings = {
				BUNDLE_LOADER = "$(TEST_HOST)";
				FRAMEWORK_SEARCH_PATHS = (
					"$(SDKROOT)/Developer/Library/Frameworks",
					"$(inherited)",
				);
				INFOPLIST_FILE = AirFightTests/Info.plist;
				LD_RUNPATH_SEARCH_PATHS = "$(inherited) @executable_path/Frameworks @loader_path/Frameworks";
				PRODUCT_NAME = "$(TARGET_NAME)";
				TEST_HOST = "$(BUILT_PRODUCTS_DIR)/AirFight.app/AirFight";
			};
			name = Release;
		};
/* End XCBuildConfiguration section */

/* Begin XCConfigurationList section */
		CFC5F7FD1B5B392600BCB5AC /* Build configuration list for PBXProject "AirFight" */ = {
			isa = XCConfigurationList;
			buildConfigurations = (
				CFC5F8231B5B392600BCB5AC /* Debug */,
				CFC5F8241B5B392600BCB5AC /* Release */,
			);
			defaultConfigurationIsVisible = 0;
			defaultConfigurationName = Release;
		};
		CFC5F8251B5B392600BCB5AC /* Build configuration list for PBXNativeTarget "AirFight" */ = {
			isa = XCConfigurationList;
			buildConfigurations = (
				CFC5F8261B5B392600BCB5AC /* Debug */,
				CFC5F8271B5B392600BCB5AC /* Release */,
			);
			defaultConfigurationIsVisible = 0;
		};
		CFC5F8281B5B392600BCB5AC /* Build configuration list for PBXNativeTarget "AirFightTests" */ = {
			isa = XCConfigurationList;
			buildConfigurations = (
				CFC5F8291B5B392600BCB5AC /* Debug */,
				CFC5F82A1B5B392600BCB5AC /* Release */,
			);
			defaultConfigurationIsVisible = 0;
		};
/* End XCConfigurationList section */
	};
	rootObject = CFC5F7FA1B5B392600BCB5AC /* Project object */;
}
