// !$*UTF8*$!
{
	archiveVersion = 1;
	classes = {
	};
	objectVersion = 46;
	objects = {

/* Begin PBXBuildFile section */
		CF06E3CD1B73AC6A009CC17D /* main.swift in Sources */ = {isa = PBXBuildFile; fileRef = CF06E3CC1B73AC6A009CC17D /* main.swift */; };
/* End PBXBuildFile section */

/* Begin PBXCopyFilesBuildPhase section */
		CF06E3C71B73AC6A009CC17D /* CopyFiles */ = {
			isa = PBXCopyFilesBuildPhase;
			buildActionMask = 2147483647;
			dstPath = /usr/share/man/man1/;
			dstSubfolderSpec = 0;
			files = (
			);
			runOnlyForDeploymentPostprocessing = 1;
		};
/* End PBXCopyFilesBuildPhase section */

/* Begin PBXFileReference section */
		CF06E3C91B73AC6A009CC17D /* ReadWriteFile */ = {isa = PBXFileReference; explicitFileType = "compiled.mach-o.executable"; includeInIndex = 0; path = ReadWriteFile; sourceTree = BUILT_PRODUCTS_DIR; };
		CF06E3CC1B73AC6A009CC17D /* main.swift */ = {isa = PBXFileReference; lastKnownFileType = sourcecode.swift; path = main.swift; sourceTree = "<group>"; };
		CF06E3D31B73B165009CC17D /* data.inp */ = {isa = PBXFileReference; fileEncoding = 4; lastKnownFileType = text; path = data.inp; sourceTree = "<group>"; };
		CF06E3D41B73C0BD009CC17D /* data.out */ = {isa = PBXFileReference; fileEncoding = 4; lastKnownFileType = text; path = data.out; sourceTree = "<group>"; };
/* End PBXFileReference section */

/* Begin PBXFrameworksBuildPhase section */
		CF06E3C61B73AC6A009CC17D /* Frameworks */ = {
			isa = PBXFrameworksBuildPhase;
			buildActionMask = 2147483647;
			files = (
			);
			runOnlyForDeploymentPostprocessing = 0;
		};
/* End PBXFrameworksBuildPhase section */

/* Begin PBXGroup section */
		CF06E3C01B73AC6A009CC17D = {
			isa = PBXGroup;
			children = (
				CF06E3CB1B73AC6A009CC17D /* ReadWriteFile */,
				CF06E3CA1B73AC6A009CC17D /* Products */,
			);
			sourceTree = "<group>";
		};
		CF06E3CA1B73AC6A009CC17D /* Products */ = {
			isa = PBXGroup;
			children = (
				CF06E3C91B73AC6A009CC17D /* ReadWriteFile */,
			);
			name = Products;
			sourceTree = "<group>";
		};
		CF06E3CB1B73AC6A009CC17D /* ReadWriteFile */ = {
			isa = PBXGroup;
			children = (
				CF06E3D41B73C0BD009CC17D /* data.out */,
				CF06E3D31B73B165009CC17D /* data.inp */,
				CF06E3CC1B73AC6A009CC17D /* main.swift */,
			);
			path = ReadWriteFile;
			sourceTree = "<group>";
		};
/* End PBXGroup section */

/* Begin PBXNativeTarget section */
		CF06E3C81B73AC6A009CC17D /* ReadWriteFile */ = {
			isa = PBXNativeTarget;
			buildConfigurationList = CF06E3D01B73AC6A009CC17D /* Build configuration list for PBXNativeTarget "ReadWriteFile" */;
			buildPhases = (
				CF06E3C51B73AC6A009CC17D /* Sources */,
				CF06E3C61B73AC6A009CC17D /* Frameworks */,
				CF06E3C71B73AC6A009CC17D /* CopyFiles */,
			);
			buildRules = (
			);
			dependencies = (
			);
			name = ReadWriteFile;
			productName = ReadWriteFile;
			productReference = CF06E3C91B73AC6A009CC17D /* ReadWriteFile */;
			productType = "com.apple.product-type.tool";
		};
/* End PBXNativeTarget section */

/* Begin PBXProject section */
		CF06E3C11B73AC6A009CC17D /* Project object */ = {
			isa = PBXProject;
			attributes = {
				LastUpgradeCheck = 0640;
				ORGANIZATIONNAME = "Duy-Hieu";
				TargetAttributes = {
					CF06E3C81B73AC6A009CC17D = {
						CreatedOnToolsVersion = 6.4;
					};
				};
			};
			buildConfigurationList = CF06E3C41B73AC6A009CC17D /* Build configuration list for PBXProject "ReadWriteFile" */;
			compatibilityVersion = "Xcode 3.2";
			developmentRegion = English;
			hasScannedForEncodings = 0;
			knownRegions = (
				en,
			);
			mainGroup = CF06E3C01B73AC6A009CC17D;
			productRefGroup = CF06E3CA1B73AC6A009CC17D /* Products */;
			projectDirPath = "";
			projectRoot = "";
			targets = (
				CF06E3C81B73AC6A009CC17D /* ReadWriteFile */,
			);
		};
/* End PBXProject section */

/* Begin PBXSourcesBuildPhase section */
		CF06E3C51B73AC6A009CC17D /* Sources */ = {
			isa = PBXSourcesBuildPhase;
			buildActionMask = 2147483647;
			files = (
				CF06E3CD1B73AC6A009CC17D /* main.swift in Sources */,
			);
			runOnlyForDeploymentPostprocessing = 0;
		};
/* End PBXSourcesBuildPhase section */

/* Begin XCBuildConfiguration section */
		CF06E3CE1B73AC6A009CC17D /* Debug */ = {
			isa = XCBuildConfiguration;
			buildSettings = {
				ALWAYS_SEARCH_USER_PATHS = NO;
				CLANG_CXX_LANGUAGE_STANDARD = "gnu++0x";
				CLANG_CXX_LIBRARY = "libc++";
				CLANG_ENABLE_MODULES = YES;
				CLANG_ENABLE_OBJC_ARC = YES;
				CLANG_WARN_BOOL_CONVERSION = YES;
				CLANG_WARN_CONSTANT_CONVERSION = YES;
				CLANG_WARN_DIRECT_OBJC_ISA_USAGE = YES_ERROR;
				CLANG_WARN_EMPTY_BODY = YES;
				CLANG_WARN_ENUM_CONVERSION = YES;
				CLANG_WARN_INT_CONVERSION = YES;
				CLANG_WARN_OBJC_ROOT_CLASS = YES_ERROR;
				CLANG_WARN_UNREACHABLE_CODE = YES;
				CLANG_WARN__DUPLICATE_METHOD_MATCH = YES;
				COPY_PHASE_STRIP = NO;
				DEBUG_INFORMATION_FORMAT = dwarf;
				ENABLE_STRICT_OBJC_MSGSEND = YES;
				GCC_C_LANGUAGE_STANDARD = gnu99;
				GCC_DYNAMIC_NO_PIC = NO;
				GCC_NO_COMMON_BLOCKS = YES;
				GCC_OPTIMIZATION_LEVEL = 0;
				GCC_PREPROCESSOR_DEFINITIONS = (
					"DEBUG=1",
					"$(inherited)",
				);
				GCC_SYMBOLS_PRIVATE_EXTERN = NO;
				GCC_WARN_64_TO_32_BIT_CONVERSION = YES;
				GCC_WARN_ABOUT_RETURN_TYPE = YES_ERROR;
				GCC_WARN_UNDECLARED_SELECTOR = YES;
				GCC_WARN_UNINITIALIZED_AUTOS = YES_AGGRESSIVE;
				GCC_WARN_UNUSED_FUNCTION = YES;
				GCC_WARN_UNUSED_VARIABLE = YES;
				MACOSX_DEPLOYMENT_TARGET = 10.10;
				MTL_ENABLE_DEBUG_INFO = YES;
				ONLY_ACTIVE_ARCH = YES;
				SDKROOT = macosx;
				SWIFT_OPTIMIZATION_LEVEL = "-Onone";
			};
			name = Debug;
		};
		CF06E3CF1B73AC6A009CC17D /* Release */ = {
			isa = XCBuildConfiguration;
			buildSettings = {
				ALWAYS_SEARCH_USER_PATHS = NO;
				CLANG_CXX_LANGUAGE_STANDARD = "gnu++0x";
				CLANG_CXX_LIBRARY = "libc++";
				CLANG_ENABLE_MODULES = YES;
				CLANG_ENABLE_OBJC_ARC = YES;
				CLANG_WARN_BOOL_CONVERSION = YES;
				CLANG_WARN_CONSTANT_CONVERSION = YES;
				CLANG_WARN_DIRECT_OBJC_ISA_USAGE = YES_ERROR;
				CLANG_WARN_EMPTY_BODY = YES;
				CLANG_WARN_ENUM_CONVERSION = YES;
				CLANG_WARN_INT_CONVERSION = YES;
				CLANG_WARN_OBJC_ROOT_CLASS = YES_ERROR;
				CLANG_WARN_UNREACHABLE_CODE = YES;
				CLANG_WARN__DUPLICATE_METHOD_MATCH = YES;
				COPY_PHASE_STRIP = NO;
				DEBUG_INFORMATION_FORMAT = "dwarf-with-dsym";
				ENABLE_NS_ASSERTIONS = NO;
				ENABLE_STRICT_OBJC_MSGSEND = YES;
				GCC_C_LANGUAGE_STANDARD = gnu99;
				GCC_NO_COMMON_BLOCKS = YES;
				GCC_WARN_64_TO_32_BIT_CONVERSION = YES;
				GCC_WARN_ABOUT_RETURN_TYPE = YES_ERROR;
				GCC_WARN_UNDECLARED_SELECTOR = YES;
				GCC_WARN_UNINITIALIZED_AUTOS = YES_AGGRESSIVE;
				GCC_WARN_UNUSED_FUNCTION = YES;
				GCC_WARN_UNUSED_VARIABLE = YES;
				MACOSX_DEPLOYMENT_TARGET = 10.10;
				MTL_ENABLE_DEBUG_INFO = NO;
				SDKROOT = macosx;
			};
			name = Release;
		};
		CF06E3D11B73AC6A009CC17D /* Debug */ = {
			isa = XCBuildConfiguration;
			buildSettings = {
				PRODUCT_NAME = "$(TARGET_NAME)";
			};
			name = Debug;
		};
		CF06E3D21B73AC6A009CC17D /* Release */ = {
			isa = XCBuildConfiguration;
			buildSettings = {
				PRODUCT_NAME = "$(TARGET_NAME)";
			};
			name = Release;
		};
/* End XCBuildConfiguration section */

/* Begin XCConfigurationList section */
		CF06E3C41B73AC6A009CC17D /* Build configuration list for PBXProject "ReadWriteFile" */ = {
			isa = XCConfigurationList;
			buildConfigurations = (
				CF06E3CE1B73AC6A009CC17D /* Debug */,
				CF06E3CF1B73AC6A009CC17D /* Release */,
			);
			defaultConfigurationIsVisible = 0;
			defaultConfigurationName = Release;
		};
		CF06E3D01B73AC6A009CC17D /* Build configuration list for PBXNativeTarget "ReadWriteFile" */ = {
			isa = XCConfigurationList;
			buildConfigurations = (
				CF06E3D11B73AC6A009CC17D /* Debug */,
				CF06E3D21B73AC6A009CC17D /* Release */,
			);
			defaultConfigurationIsVisible = 0;
		};
/* End XCConfigurationList section */
	};
	rootObject = CF06E3C11B73AC6A009CC17D /* Project object */;
}
