// !$*UTF8*$!
{
	archiveVersion = 1;
	classes = {
	};
	objectVersion = 46;
	objects = {

/* Begin PBXBuildFile section */
		CFCA2C261B671CD800ECE32B /* AppDelegate.swift in Sources */ = {isa = PBXBuildFile; fileRef = CFCA2C251B671CD800ECE32B /* AppDelegate.swift */; };
		CFCA2C281B671CD800ECE32B /* ViewController.swift in Sources */ = {isa = PBXBuildFile; fileRef = CFCA2C271B671CD800ECE32B /* ViewController.swift */; };
		CFCA2C2B1B671CD800ECE32B /* Main.storyboard in Resources */ = {isa = PBXBuildFile; fileRef = CFCA2C291B671CD800ECE32B /* Main.storyboard */; };
		CFCA2C2D1B671CD800ECE32B /* Images.xcassets in Resources */ = {isa = PBXBuildFile; fileRef = CFCA2C2C1B671CD800ECE32B /* Images.xcassets */; };
		CFCA2C301B671CD800ECE32B /* LaunchScreen.xib in Resources */ = {isa = PBXBuildFile; fileRef = CFCA2C2E1B671CD800ECE32B /* LaunchScreen.xib */; };
		CFCA2C3C1B671CD800ECE32B /* Swift15_UIImageUISliderTests.swift in Sources */ = {isa = PBXBuildFile; fileRef = CFCA2C3B1B671CD800ECE32B /* Swift15_UIImageUISliderTests.swift */; };
		CFCA2C4F1B671D2700ECE32B /* dog1.png in Resources */ = {isa = PBXBuildFile; fileRef = CFCA2C471B671D2700ECE32B /* dog1.png */; };
		CFCA2C501B671D2700ECE32B /* dog2.png in Resources */ = {isa = PBXBuildFile; fileRef = CFCA2C481B671D2700ECE32B /* dog2.png */; };
		CFCA2C511B671D2700ECE32B /* dog3.png in Resources */ = {isa = PBXBuildFile; fileRef = CFCA2C491B671D2700ECE32B /* dog3.png */; };
		CFCA2C521B671D2700ECE32B /* dog4.png in Resources */ = {isa = PBXBuildFile; fileRef = CFCA2C4A1B671D2700ECE32B /* dog4.png */; };
		CFCA2C531B671D2700ECE32B /* dog5.png in Resources */ = {isa = PBXBuildFile; fileRef = CFCA2C4B1B671D2700ECE32B /* dog5.png */; };
		CFCA2C541B671D2700ECE32B /* dog6.png in Resources */ = {isa = PBXBuildFile; fileRef = CFCA2C4C1B671D2700ECE32B /* dog6.png */; };
		CFCA2C551B671D2700ECE32B /* dog7.png in Resources */ = {isa = PBXBuildFile; fileRef = CFCA2C4D1B671D2700ECE32B /* dog7.png */; };
		CFCA2C561B671D2700ECE32B /* dog8.png in Resources */ = {isa = PBXBuildFile; fileRef = CFCA2C4E1B671D2700ECE32B /* dog8.png */; };
/* End PBXBuildFile section */

/* Begin PBXContainerItemProxy section */
		CFCA2C361B671CD800ECE32B /* PBXContainerItemProxy */ = {
			isa = PBXContainerItemProxy;
			containerPortal = CFCA2C181B671CD700ECE32B /* Project object */;
			proxyType = 1;
			remoteGlobalIDString = CFCA2C1F1B671CD700ECE32B;
			remoteInfo = Swift15_UIImageUISlider;
		};
/* End PBXContainerItemProxy section */

/* Begin PBXFileReference section */
		CFCA2C201B671CD700ECE32B /* Swift15_UIImageUISlider.app */ = {isa = PBXFileReference; explicitFileType = wrapper.application; includeInIndex = 0; path = Swift15_UIImageUISlider.app; sourceTree = BUILT_PRODUCTS_DIR; };
		CFCA2C241B671CD800ECE32B /* Info.plist */ = {isa = PBXFileReference; lastKnownFileType = text.plist.xml; path = Info.plist; sourceTree = "<group>"; };
		CFCA2C251B671CD800ECE32B /* AppDelegate.swift */ = {isa = PBXFileReference; lastKnownFileType = sourcecode.swift; path = AppDelegate.swift; sourceTree = "<group>"; };
		CFCA2C271B671CD800ECE32B /* ViewController.swift */ = {isa = PBXFileReference; lastKnownFileType = sourcecode.swift; path = ViewController.swift; sourceTree = "<group>"; };
		CFCA2C2A1B671CD800ECE32B /* Base */ = {isa = PBXFileReference; lastKnownFileType = file.storyboard; name = Base; path = Base.lproj/Main.storyboard; sourceTree = "<group>"; };
		CFCA2C2C1B671CD800ECE32B /* Images.xcassets */ = {isa = PBXFileReference; lastKnownFileType = folder.assetcatalog; path = Images.xcassets; sourceTree = "<group>"; };
		CFCA2C2F1B671CD800ECE32B /* Base */ = {isa = PBXFileReference; lastKnownFileType = file.xib; name = Base; path = Base.lproj/LaunchScreen.xib; sourceTree = "<group>"; };
		CFCA2C351B671CD800ECE32B /* Swift15_UIImageUISliderTests.xctest */ = {isa = PBXFileReference; explicitFileType = wrapper.cfbundle; includeInIndex = 0; path = Swift15_UIImageUISliderTests.xctest; sourceTree = BUILT_PRODUCTS_DIR; };
		CFCA2C3A1B671CD800ECE32B /* Info.plist */ = {isa = PBXFileReference; lastKnownFileType = text.plist.xml; path = Info.plist; sourceTree = "<group>"; };
		CFCA2C3B1B671CD800ECE32B /* Swift15_UIImageUISliderTests.swift */ = {isa = PBXFileReference; lastKnownFileType = sourcecode.swift; path = Swift15_UIImageUISliderTests.swift; sourceTree = "<group>"; };
		CFCA2C471B671D2700ECE32B /* dog1.png */ = {isa = PBXFileReference; lastKnownFileType = image.png; path = dog1.png; sourceTree = "<group>"; };
		CFCA2C481B671D2700ECE32B /* dog2.png */ = {isa = PBXFileReference; lastKnownFileType = image.png; path = dog2.png; sourceTree = "<group>"; };
		CFCA2C491B671D2700ECE32B /* dog3.png */ = {isa = PBXFileReference; lastKnownFileType = image.png; path = dog3.png; sourceTree = "<group>"; };
		CFCA2C4A1B671D2700ECE32B /* dog4.png */ = {isa = PBXFileReference; lastKnownFileType = image.png; path = dog4.png; sourceTree = "<group>"; };
		CFCA2C4B1B671D2700ECE32B /* dog5.png */ = {isa = PBXFileReference; lastKnownFileType = image.png; path = dog5.png; sourceTree = "<group>"; };
		CFCA2C4C1B671D2700ECE32B /* dog6.png */ = {isa = PBXFileReference; lastKnownFileType = image.png; path = dog6.png; sourceTree = "<group>"; };
		CFCA2C4D1B671D2700ECE32B /* dog7.png */ = {isa = PBXFileReference; lastKnownFileType = image.png; path = dog7.png; sourceTree = "<group>"; };
		CFCA2C4E1B671D2700ECE32B /* dog8.png */ = {isa = PBXFileReference; lastKnownFileType = image.png; path = dog8.png; sourceTree = "<group>"; };
/* End PBXFileReference section */

/* Begin PBXFrameworksBuildPhase section */
		CFCA2C1D1B671CD700ECE32B /* Frameworks */ = {
			isa = PBXFrameworksBuildPhase;
			buildActionMask = 2147483647;
			files = (
			);
			runOnlyForDeploymentPostprocessing = 0;
		};
		CFCA2C321B671CD800ECE32B /* Frameworks */ = {
			isa = PBXFrameworksBuildPhase;
			buildActionMask = 2147483647;
			files = (
			);
			runOnlyForDeploymentPostprocessing = 0;
		};
/* End PBXFrameworksBuildPhase section */

/* Begin PBXGroup section */
		CFCA2C171B671CD700ECE32B = {
			isa = PBXGroup;
			children = (
				CFCA2C221B671CD700ECE32B /* Swift15_UIImageUISlider */,
				CFCA2C381B671CD800ECE32B /* Swift15_UIImageUISliderTests */,
				CFCA2C211B671CD700ECE32B /* Products */,
			);
			sourceTree = "<group>";
		};
		CFCA2C211B671CD700ECE32B /* Products */ = {
			isa = PBXGroup;
			children = (
				CFCA2C201B671CD700ECE32B /* Swift15_UIImageUISlider.app */,
				CFCA2C351B671CD800ECE32B /* Swift15_UIImageUISliderTests.xctest */,
			);
			name = Products;
			sourceTree = "<group>";
		};
		CFCA2C221B671CD700ECE32B /* Swift15_UIImageUISlider */ = {
			isa = PBXGroup;
			children = (
				CFCA2C251B671CD800ECE32B /* AppDelegate.swift */,
				CFCA2C271B671CD800ECE32B /* ViewController.swift */,
				CFCA2C291B671CD800ECE32B /* Main.storyboard */,
				CFCA2C2C1B671CD800ECE32B /* Images.xcassets */,
				CFCA2C2E1B671CD800ECE32B /* LaunchScreen.xib */,
				CFCA2C231B671CD700ECE32B /* Supporting Files */,
			);
			path = Swift15_UIImageUISlider;
			sourceTree = "<group>";
		};
		CFCA2C231B671CD700ECE32B /* Supporting Files */ = {
			isa = PBXGroup;
			children = (
				CFCA2C461B671D1100ECE32B /* Dogs */,
				CFCA2C241B671CD800ECE32B /* Info.plist */,
			);
			name = "Supporting Files";
			sourceTree = "<group>";
		};
		CFCA2C381B671CD800ECE32B /* Swift15_UIImageUISliderTests */ = {
			isa = PBXGroup;
			children = (
				CFCA2C3B1B671CD800ECE32B /* Swift15_UIImageUISliderTests.swift */,
				CFCA2C391B671CD800ECE32B /* Supporting Files */,
			);
			path = Swift15_UIImageUISliderTests;
			sourceTree = "<group>";
		};
		CFCA2C391B671CD800ECE32B /* Supporting Files */ = {
			isa = PBXGroup;
			children = (
				CFCA2C3A1B671CD800ECE32B /* Info.plist */,
			);
			name = "Supporting Files";
			sourceTree = "<group>";
		};
		CFCA2C461B671D1100ECE32B /* Dogs */ = {
			isa = PBXGroup;
			children = (
				CFCA2C471B671D2700ECE32B /* dog1.png */,
				CFCA2C481B671D2700ECE32B /* dog2.png */,
				CFCA2C491B671D2700ECE32B /* dog3.png */,
				CFCA2C4A1B671D2700ECE32B /* dog4.png */,
				CFCA2C4B1B671D2700ECE32B /* dog5.png */,
				CFCA2C4C1B671D2700ECE32B /* dog6.png */,
				CFCA2C4D1B671D2700ECE32B /* dog7.png */,
				CFCA2C4E1B671D2700ECE32B /* dog8.png */,
			);
			name = Dogs;
			sourceTree = "<group>";
		};
/* End PBXGroup section */

/* Begin PBXNativeTarget section */
		CFCA2C1F1B671CD700ECE32B /* Swift15_UIImageUISlider */ = {
			isa = PBXNativeTarget;
			buildConfigurationList = CFCA2C3F1B671CD800ECE32B /* Build configuration list for PBXNativeTarget "Swift15_UIImageUISlider" */;
			buildPhases = (
				CFCA2C1C1B671CD700ECE32B /* Sources */,
				CFCA2C1D1B671CD700ECE32B /* Frameworks */,
				CFCA2C1E1B671CD700ECE32B /* Resources */,
			);
			buildRules = (
			);
			dependencies = (
			);
			name = Swift15_UIImageUISlider;
			productName = Swift15_UIImageUISlider;
			productReference = CFCA2C201B671CD700ECE32B /* Swift15_UIImageUISlider.app */;
			productType = "com.apple.product-type.application";
		};
		CFCA2C341B671CD800ECE32B /* Swift15_UIImageUISliderTests */ = {
			isa = PBXNativeTarget;
			buildConfigurationList = CFCA2C421B671CD800ECE32B /* Build configuration list for PBXNativeTarget "Swift15_UIImageUISliderTests" */;
			buildPhases = (
				CFCA2C311B671CD800ECE32B /* Sources */,
				CFCA2C321B671CD800ECE32B /* Frameworks */,
				CFCA2C331B671CD800ECE32B /* Resources */,
			);
			buildRules = (
			);
			dependencies = (
				CFCA2C371B671CD800ECE32B /* PBXTargetDependency */,
			);
			name = Swift15_UIImageUISliderTests;
			productName = Swift15_UIImageUISliderTests;
			productReference = CFCA2C351B671CD800ECE32B /* Swift15_UIImageUISliderTests.xctest */;
			productType = "com.apple.product-type.bundle.unit-test";
		};
/* End PBXNativeTarget section */

/* Begin PBXProject section */
		CFCA2C181B671CD700ECE32B /* Project object */ = {
			isa = PBXProject;
			attributes = {
				LastUpgradeCheck = 0640;
				ORGANIZATIONNAME = "Duy-Hieu";
				TargetAttributes = {
					CFCA2C1F1B671CD700ECE32B = {
						CreatedOnToolsVersion = 6.4;
					};
					CFCA2C341B671CD800ECE32B = {
						CreatedOnToolsVersion = 6.4;
						TestTargetID = CFCA2C1F1B671CD700ECE32B;
					};
				};
			};
			buildConfigurationList = CFCA2C1B1B671CD700ECE32B /* Build configuration list for PBXProject "Swift15_UIImageUISlider" */;
			compatibilityVersion = "Xcode 3.2";
			developmentRegion = English;
			hasScannedForEncodings = 0;
			knownRegions = (
				en,
				Base,
			);
			mainGroup = CFCA2C171B671CD700ECE32B;
			productRefGroup = CFCA2C211B671CD700ECE32B /* Products */;
			projectDirPath = "";
			projectRoot = "";
			targets = (
				CFCA2C1F1B671CD700ECE32B /* Swift15_UIImageUISlider */,
				CFCA2C341B671CD800ECE32B /* Swift15_UIImageUISliderTests */,
			);
		};
/* End PBXProject section */

/* Begin PBXResourcesBuildPhase section */
		CFCA2C1E1B671CD700ECE32B /* Resources */ = {
			isa = PBXResourcesBuildPhase;
			buildActionMask = 2147483647;
			files = (
				CFCA2C2B1B671CD800ECE32B /* Main.storyboard in Resources */,
				CFCA2C501B671D2700ECE32B /* dog2.png in Resources */,
				CFCA2C541B671D2700ECE32B /* dog6.png in Resources */,
				CFCA2C531B671D2700ECE32B /* dog5.png in Resources */,
				CFCA2C561B671D2700ECE32B /* dog8.png in Resources */,
				CFCA2C511B671D2700ECE32B /* dog3.png in Resources */,
				CFCA2C521B671D2700ECE32B /* dog4.png in Resources */,
				CFCA2C551B671D2700ECE32B /* dog7.png in Resources */,
				CFCA2C301B671CD800ECE32B /* LaunchScreen.xib in Resources */,
				CFCA2C4F1B671D2700ECE32B /* dog1.png in Resources */,
				CFCA2C2D1B671CD800ECE32B /* Images.xcassets in Resources */,
			);
			runOnlyForDeploymentPostprocessing = 0;
		};
		CFCA2C331B671CD800ECE32B /* Resources */ = {
			isa = PBXResourcesBuildPhase;
			buildActionMask = 2147483647;
			files = (
			);
			runOnlyForDeploymentPostprocessing = 0;
		};
/* End PBXResourcesBuildPhase section */

/* Begin PBXSourcesBuildPhase section */
		CFCA2C1C1B671CD700ECE32B /* Sources */ = {
			isa = PBXSourcesBuildPhase;
			buildActionMask = 2147483647;
			files = (
				CFCA2C281B671CD800ECE32B /* ViewController.swift in Sources */,
				CFCA2C261B671CD800ECE32B /* AppDelegate.swift in Sources */,
			);
			runOnlyForDeploymentPostprocessing = 0;
		};
		CFCA2C311B671CD800ECE32B /* Sources */ = {
			isa = PBXSourcesBuildPhase;
			buildActionMask = 2147483647;
			files = (
				CFCA2C3C1B671CD800ECE32B /* Swift15_UIImageUISliderTests.swift in Sources */,
			);
			runOnlyForDeploymentPostprocessing = 0;
		};
/* End PBXSourcesBuildPhase section */

/* Begin PBXTargetDependency section */
		CFCA2C371B671CD800ECE32B /* PBXTargetDependency */ = {
			isa = PBXTargetDependency;
			target = CFCA2C1F1B671CD700ECE32B /* Swift15_UIImageUISlider */;
			targetProxy = CFCA2C361B671CD800ECE32B /* PBXContainerItemProxy */;
		};
/* End PBXTargetDependency section */

/* Begin PBXVariantGroup section */
		CFCA2C291B671CD800ECE32B /* Main.storyboard */ = {
			isa = PBXVariantGroup;
			children = (
				CFCA2C2A1B671CD800ECE32B /* Base */,
			);
			name = Main.storyboard;
			sourceTree = "<group>";
		};
		CFCA2C2E1B671CD800ECE32B /* LaunchScreen.xib */ = {
			isa = PBXVariantGroup;
			children = (
				CFCA2C2F1B671CD800ECE32B /* Base */,
			);
			name = LaunchScreen.xib;
			sourceTree = "<group>";
		};
/* End PBXVariantGroup section */

/* Begin XCBuildConfiguration section */
		CFCA2C3D1B671CD800ECE32B /* Debug */ = {
			isa = XCBuildConfiguration;
			buildSettings = {
				ALWAYS_SEARCH_USER_PATHS = NO;
				CLANG_CXX_LANGUAGE_STANDARD = "gnu++0x";
				CLANG_CXX_LIBRARY = "libc++";
				CLANG_ENABLE_MODULES = YES;
				CLANG_ENABLE_OBJC_ARC = YES;
				CLANG_WARN_BOOL_CONVERSION = YES;
				CLANG_WARN_CONSTANT_CONVERSION = YES;
				CLANG_WARN_DIRECT_OBJC_ISA_USAGE = YES_ERROR;
				CLANG_WARN_EMPTY_BODY = YES;
				CLANG_WARN_ENUM_CONVERSION = YES;
				CLANG_WARN_INT_CONVERSION = YES;
				CLANG_WARN_OBJC_ROOT_CLASS = YES_ERROR;
				CLANG_WARN_UNREACHABLE_CODE = YES;
				CLANG_WARN__DUPLICATE_METHOD_MATCH = YES;
				"CODE_SIGN_IDENTITY[sdk=iphoneos*]" = "iPhone Developer";
				COPY_PHASE_STRIP = NO;
				DEBUG_INFORMATION_FORMAT = "dwarf-with-dsym";
				ENABLE_STRICT_OBJC_MSGSEND = YES;
				GCC_C_LANGUAGE_STANDARD = gnu99;
				GCC_DYNAMIC_NO_PIC = NO;
				GCC_NO_COMMON_BLOCKS = YES;
				GCC_OPTIMIZATION_LEVEL = 0;
				GCC_PREPROCESSOR_DEFINITIONS = (
					"DEBUG=1",
					"$(inherited)",
				);
				GCC_SYMBOLS_PRIVATE_EXTERN = NO;
				GCC_WARN_64_TO_32_BIT_CONVERSION = YES;
				GCC_WARN_ABOUT_RETURN_TYPE = YES_ERROR;
				GCC_WARN_UNDECLARED_SELECTOR = YES;
				GCC_WARN_UNINITIALIZED_AUTOS = YES_AGGRESSIVE;
				GCC_WARN_UNUSED_FUNCTION = YES;
				GCC_WARN_UNUSED_VARIABLE = YES;
				IPHONEOS_DEPLOYMENT_TARGET = 8.4;
				MTL_ENABLE_DEBUG_INFO = YES;
				ONLY_ACTIVE_ARCH = YES;
				SDKROOT = iphoneos;
				SWIFT_OPTIMIZATION_LEVEL = "-Onone";
				TARGETED_DEVICE_FAMILY = "1,2";
			};
			name = Debug;
		};
		CFCA2C3E1B671CD800ECE32B /* Release */ = {
			isa = XCBuildConfiguration;
			buildSettings = {
				ALWAYS_SEARCH_USER_PATHS = NO;
				CLANG_CXX_LANGUAGE_STANDARD = "gnu++0x";
				CLANG_CXX_LIBRARY = "libc++";
				CLANG_ENABLE_MODULES = YES;
				CLANG_ENABLE_OBJC_ARC = YES;
				CLANG_WARN_BOOL_CONVERSION = YES;
				CLANG_WARN_CONSTANT_CONVERSION = YES;
				CLANG_WARN_DIRECT_OBJC_ISA_USAGE = YES_ERROR;
				CLANG_WARN_EMPTY_BODY = YES;
				CLANG_WARN_ENUM_CONVERSION = YES;
				CLANG_WARN_INT_CONVERSION = YES;
				CLANG_WARN_OBJC_ROOT_CLASS = YES_ERROR;
				CLANG_WARN_UNREACHABLE_CODE = YES;
				CLANG_WARN__DUPLICATE_METHOD_MATCH = YES;
				"CODE_SIGN_IDENTITY[sdk=iphoneos*]" = "iPhone Developer";
				COPY_PHASE_STRIP = NO;
				DEBUG_INFORMATION_FORMAT = "dwarf-with-dsym";
				ENABLE_NS_ASSERTIONS = NO;
				ENABLE_STRICT_OBJC_MSGSEND = YES;
				GCC_C_LANGUAGE_STANDARD = gnu99;
				GCC_NO_COMMON_BLOCKS = YES;
				GCC_WARN_64_TO_32_BIT_CONVERSION = YES;
				GCC_WARN_ABOUT_RETURN_TYPE = YES_ERROR;
				GCC_WARN_UNDECLARED_SELECTOR = YES;
				GCC_WARN_UNINITIALIZED_AUTOS = YES_AGGRESSIVE;
				GCC_WARN_UNUSED_FUNCTION = YES;
				GCC_WARN_UNUSED_VARIABLE = YES;
				IPHONEOS_DEPLOYMENT_TARGET = 8.4;
				MTL_ENABLE_DEBUG_INFO = NO;
				SDKROOT = iphoneos;
				TARGETED_DEVICE_FAMILY = "1,2";
				VALIDATE_PRODUCT = YES;
			};
			name = Release;
		};
		CFCA2C401B671CD800ECE32B /* Debug */ = {
			isa = XCBuildConfiguration;
			buildSettings = {
				ASSETCATALOG_COMPILER_APPICON_NAME = AppIcon;
				INFOPLIST_FILE = Swift15_UIImageUISlider/Info.plist;
				LD_RUNPATH_SEARCH_PATHS = "$(inherited) @executable_path/Frameworks";
				PRODUCT_NAME = "$(TARGET_NAME)";
			};
			name = Debug;
		};
		CFCA2C411B671CD800ECE32B /* Release */ = {
			isa = XCBuildConfiguration;
			buildSettings = {
				ASSETCATALOG_COMPILER_APPICON_NAME = AppIcon;
				INFOPLIST_FILE = Swift15_UIImageUISlider/Info.plist;
				LD_RUNPATH_SEARCH_PATHS = "$(inherited) @executable_path/Frameworks";
				PRODUCT_NAME = "$(TARGET_NAME)";
			};
			name = Release;
		};
		CFCA2C431B671CD800ECE32B /* Debug */ = {
			isa = XCBuildConfiguration;
			buildSettings = {
				BUNDLE_LOADER = "$(TEST_HOST)";
				FRAMEWORK_SEARCH_PATHS = (
					"$(SDKROOT)/Developer/Library/Frameworks",
					"$(inherited)",
				);
				GCC_PREPROCESSOR_DEFINITIONS = (
					"DEBUG=1",
					"$(inherited)",
				);
				INFOPLIST_FILE = Swift15_UIImageUISliderTests/Info.plist;
				LD_RUNPATH_SEARCH_PATHS = "$(inherited) @executable_path/Frameworks @loader_path/Frameworks";
				PRODUCT_NAME = "$(TARGET_NAME)";
				TEST_HOST = "$(BUILT_PRODUCTS_DIR)/Swift15_UIImageUISlider.app/Swift15_UIImageUISlider";
			};
			name = Debug;
		};
		CFCA2C441B671CD800ECE32B /* Release */ = {
			isa = XCBuildConfiguration;
			buildSettings = {
				BUNDLE_LOADER = "$(TEST_HOST)";
				FRAMEWORK_SEARCH_PATHS = (
					"$(SDKROOT)/Developer/Library/Frameworks",
					"$(inherited)",
				);
				INFOPLIST_FILE = Swift15_UIImageUISliderTests/Info.plist;
				LD_RUNPATH_SEARCH_PATHS = "$(inherited) @executable_path/Frameworks @loader_path/Frameworks";
				PRODUCT_NAME = "$(TARGET_NAME)";
				TEST_HOST = "$(BUILT_PRODUCTS_DIR)/Swift15_UIImageUISlider.app/Swift15_UIImageUISlider";
			};
			name = Release;
		};
/* End XCBuildConfiguration section */

/* Begin XCConfigurationList section */
		CFCA2C1B1B671CD700ECE32B /* Build configuration list for PBXProject "Swift15_UIImageUISlider" */ = {
			isa = XCConfigurationList;
			buildConfigurations = (
				CFCA2C3D1B671CD800ECE32B /* Debug */,
				CFCA2C3E1B671CD800ECE32B /* Release */,
			);
			defaultConfigurationIsVisible = 0;
			defaultConfigurationName = Release;
		};
		CFCA2C3F1B671CD800ECE32B /* Build configuration list for PBXNativeTarget "Swift15_UIImageUISlider" */ = {
			isa = XCConfigurationList;
			buildConfigurations = (
				CFCA2C401B671CD800ECE32B /* Debug */,
				CFCA2C411B671CD800ECE32B /* Release */,
			);
			defaultConfigurationIsVisible = 0;
		};
		CFCA2C421B671CD800ECE32B /* Build configuration list for PBXNativeTarget "Swift15_UIImageUISliderTests" */ = {
			isa = XCConfigurationList;
			buildConfigurations = (
				CFCA2C431B671CD800ECE32B /* Debug */,
				CFCA2C441B671CD800ECE32B /* Release */,
			);
			defaultConfigurationIsVisible = 0;
		};
/* End XCConfigurationList section */
	};
	rootObject = CFCA2C181B671CD700ECE32B /* Project object */;
}
